223  package-lock.json
@@ -12,6 +12,7 @@
       "@testing-library/user-event": "^12.2.0",
       "react": "^17.0.1",
       "react-dom": "^17.0.1",
       "react-router-dom": "^5.2.0",
       "react-scripts": "4.0.0",
       "web-vitals": "^0.2.4"
     }
@@ -8944,6 +8945,19 @@
     "resolved": "https://registry.npmjs.org/hex-color-regex/-/hex-color-regex-1.1.0.tgz",
     "integrity": "sha512-l9sfDFsuqtOqKDsQdqrMRk0U85RZc0RtOR9yPI7mRVOa4FsR/BVnZ0shmQRM96Ji99kYZP/7hn1cedc1+ApsTQ=="
   },
   "node_modules/history": {
     "version": "4.10.1",
     "resolved": "https://registry.npmjs.org/history/-/history-4.10.1.tgz",
     "integrity": "sha512-36nwAD620w12kuzPAsyINPWJqlNbij+hpK1k9XRloDtym8mxzGYl2c17LnV6IAGB2Dmg4tEa7G7DlawS0+qjew==",
     "dependencies": {
       "@babel/runtime": "^7.1.2",
       "loose-envify": "^1.2.0",
       "resolve-pathname": "^3.0.0",
       "tiny-invariant": "^1.0.2",
       "tiny-warning": "^1.0.0",
       "value-equal": "^1.0.1"
     }
   },
   "node_modules/hmac-drbg": {
     "version": "1.0.1",
     "resolved": "https://registry.npmjs.org/hmac-drbg/-/hmac-drbg-1.0.1.tgz",
@@ -8954,6 +8968,19 @@
       "minimalistic-crypto-utils": "^1.0.1"
     }
   },
   "node_modules/hoist-non-react-statics": {
     "version": "3.3.2",
     "resolved": "https://registry.npmjs.org/hoist-non-react-statics/-/hoist-non-react-statics-3.3.2.tgz",
     "integrity": "sha512-/gGivxi8JPKWNm/W0jSmzcMPpfpPLc3dY/6GxhX2hQ9iGj3aDfklV4ET7NjKpSinLpJ5vafa9iiGIEZg10SfBw==",
     "dependencies": {
       "react-is": "^16.7.0"
     }
   },
   "node_modules/hoist-non-react-statics/node_modules/react-is": {
     "version": "16.13.1",
     "resolved": "https://registry.npmjs.org/react-is/-/react-is-16.13.1.tgz",
     "integrity": "sha512-24e6ynE2H+OKt4kqsOvNd8kBpV65zoxbA4BVsEOB3ARVWQki/DHzaUoC5KuON/BiccDaCCTZBuOcfZs70kR8bQ=="
   },
   "node_modules/hoopy": {
     "version": "0.1.4",
     "resolved": "https://registry.npmjs.org/hoopy/-/hoopy-0.1.4.tgz",
@@ -12765,6 +12792,19 @@
       "node": ">=4"
     }
   },
   "node_modules/mini-create-react-context": {
     "version": "0.4.1",
     "resolved": "https://registry.npmjs.org/mini-create-react-context/-/mini-create-react-context-0.4.1.tgz",
     "integrity": "sha512-YWCYEmd5CQeHGSAKrYvXgmzzkrvssZcuuQDDeqkT+PziKGMgE+0MCCtcKbROzocGBG1meBLl2FotlRwf4gAzbQ==",
     "dependencies": {
       "@babel/runtime": "^7.12.1",
       "tiny-warning": "^1.0.3"
     },
     "peerDependencies": {
       "prop-types": "^15.0.0",
       "react": "^0.14.0 || ^15.0.0 || ^16.0.0 || ^17.0.0"
     }
   },
   "node_modules/mini-css-extract-plugin": {
     "version": "0.11.3",
     "resolved": "https://registry.npmjs.org/mini-css-extract-plugin/-/mini-css-extract-plugin-0.11.3.tgz",
       "node": ">=0.10.0"
     }
   },
   "node_modules/react-router": {
     "version": "5.2.0",
     "resolved": "https://registry.npmjs.org/react-router/-/react-router-5.2.0.tgz",
     "integrity": "sha512-smz1DUuFHRKdcJC0jobGo8cVbhO3x50tCL4icacOlcwDOEQPq4TMqwx3sY1TP+DvtTgz4nm3thuo7A+BK2U0Dw==",
     "dependencies": {
       "@babel/runtime": "^7.1.2",
       "history": "^4.9.0",
       "hoist-non-react-statics": "^3.1.0",
       "loose-envify": "^1.3.1",
       "mini-create-react-context": "^0.4.0",
       "path-to-regexp": "^1.7.0",
       "prop-types": "^15.6.2",
       "react-is": "^16.6.0",
       "tiny-invariant": "^1.0.2",
       "tiny-warning": "^1.0.0"
     },
     "peerDependencies": {
       "react": ">=15"
     }
   },
   "node_modules/react-router-dom": {
     "version": "5.2.0",
     "resolved": "https://registry.npmjs.org/react-router-dom/-/react-router-dom-5.2.0.tgz",
     "integrity": "sha512-gxAmfylo2QUjcwxI63RhQ5G85Qqt4voZpUXSEqCwykV0baaOTQDR1f0PmY8AELqIyVc0NEZUj0Gov5lNGcXgsA==",
     "dependencies": {
       "@babel/runtime": "^7.1.2",
       "history": "^4.9.0",
       "loose-envify": "^1.3.1",
       "prop-types": "^15.6.2",
       "react-router": "5.2.0",
       "tiny-invariant": "^1.0.2",
       "tiny-warning": "^1.0.0"
     },
     "peerDependencies": {
       "react": ">=15"
     }
   },
   "node_modules/react-router/node_modules/isarray": {
     "version": "0.0.1",
     "resolved": "https://registry.npmjs.org/isarray/-/isarray-0.0.1.tgz",
     "integrity": "sha1-ihis/Kmo9Bd+Cav8YDiTmwXR7t8="
   },
   "node_modules/react-router/node_modules/path-to-regexp": {
     "version": "1.8.0",
     "resolved": "https://registry.npmjs.org/path-to-regexp/-/path-to-regexp-1.8.0.tgz",
     "integrity": "sha512-n43JRhlUKUAlibEJhPeir1ncUID16QnEjNpwzNdO3Lm4ywrBpBZ5oLD0I6br9evr1Y9JTqwRtAh7JLoOzAQdVA==",
     "dependencies": {
       "isarray": "0.0.1"
     }
   },
   "node_modules/react-router/node_modules/react-is": {
     "version": "16.13.1",
     "resolved": "https://registry.npmjs.org/react-is/-/react-is-16.13.1.tgz",
     "integrity": "sha512-24e6ynE2H+OKt4kqsOvNd8kBpV65zoxbA4BVsEOB3ARVWQki/DHzaUoC5KuON/BiccDaCCTZBuOcfZs70kR8bQ=="
   },
   "node_modules/react-scripts": {
     "version": "4.0.0",
     "resolved": "https://registry.npmjs.org/react-scripts/-/react-scripts-4.0.0.tgz",
       "node": ">=8"
     }
   },
   "node_modules/resolve-pathname": {
     "version": "3.0.0",
     "resolved": "https://registry.npmjs.org/resolve-pathname/-/resolve-pathname-3.0.0.tgz",
     "integrity": "sha512-C7rARubxI8bXFNB/hqcp/4iUeIXJhJZvFPFPiSPRnhU5UPxzMFIl+2E6yY6c4k9giDJAhtV+enfA+G89N6Csng=="
   },
   "node_modules/resolve-url": {
     "version": "0.2.1",
     "resolved": "https://registry.npmjs.org/resolve-url/-/resolve-url-0.2.1.tgz",
     "resolved": "https://registry.npmjs.org/timsort/-/timsort-0.3.0.tgz",
     "integrity": "sha1-QFQRqOfmM5/mTbmiNN4R3DHgK9Q="
   },
   "node_modules/tiny-invariant": {
     "version": "1.1.0",
     "resolved": "https://registry.npmjs.org/tiny-invariant/-/tiny-invariant-1.1.0.tgz",
     "integrity": "sha512-ytxQvrb1cPc9WBEI/HSeYYoGD0kWnGEOR8RY6KomWLBVhqz0RgTwVO9dLrGz7dC+nN9llyI7OKAgRq8Vq4ZBSw=="
   },
   "node_modules/tiny-warning": {
     "version": "1.0.3",
     "resolved": "https://registry.npmjs.org/tiny-warning/-/tiny-warning-1.0.3.tgz",
     "integrity": "sha512-lBN9zLN/oAf68o3zNXYrdCt1kP8WsiGW8Oo2ka41b2IM5JL/S1CTyX1rW0mb/zSuJun0ZUrDxx4sqvYS2FWzPA=="
   },
   "node_modules/tmp": {
     "version": "0.0.33",
     "resolved": "https://registry.npmjs.org/tmp/-/tmp-0.0.33.tgz",
       "spdx-expression-parse": "^3.0.0"
     }
   },
   "node_modules/value-equal": {
     "version": "1.0.1",
     "resolved": "https://registry.npmjs.org/value-equal/-/value-equal-1.0.1.tgz",
     "integrity": "sha512-NOJ6JZCAWr0zlxZt+xqCHNTEKOsrks2HQd4MqhP1qy4z1SkbEP467eNx6TgDKXMvUOb+OENfJCZwM+16n7fRfw=="
   },
   "node_modules/vary": {
     "version": "1.1.2",
     "resolved": "https://registry.npmjs.org/vary/-/vary-1.1.2.tgz",
     "resolved": "https://registry.npmjs.org/hex-color-regex/-/hex-color-regex-1.1.0.tgz",
     "integrity": "sha512-l9sfDFsuqtOqKDsQdqrMRk0U85RZc0RtOR9yPI7mRVOa4FsR/BVnZ0shmQRM96Ji99kYZP/7hn1cedc1+ApsTQ=="
   },
   "history": {
     "version": "4.10.1",
     "resolved": "https://registry.npmjs.org/history/-/history-4.10.1.tgz",
     "integrity": "sha512-36nwAD620w12kuzPAsyINPWJqlNbij+hpK1k9XRloDtym8mxzGYl2c17LnV6IAGB2Dmg4tEa7G7DlawS0+qjew==",
     "requires": {
       "@babel/runtime": "^7.1.2",
       "loose-envify": "^1.2.0",
       "resolve-pathname": "^3.0.0",
       "tiny-invariant": "^1.0.2",
       "tiny-warning": "^1.0.0",
       "value-equal": "^1.0.1"
     }
   },
   "hmac-drbg": {
     "version": "1.0.1",
     "resolved": "https://registry.npmjs.org/hmac-drbg/-/hmac-drbg-1.0.1.tgz",
       "minimalistic-crypto-utils": "^1.0.1"
     }
   },
   "hoist-non-react-statics": {
     "version": "3.3.2",
     "resolved": "https://registry.npmjs.org/hoist-non-react-statics/-/hoist-non-react-statics-3.3.2.tgz",
     "integrity": "sha512-/gGivxi8JPKWNm/W0jSmzcMPpfpPLc3dY/6GxhX2hQ9iGj3aDfklV4ET7NjKpSinLpJ5vafa9iiGIEZg10SfBw==",
     "requires": {
       "react-is": "^16.7.0"
     },
     "dependencies": {
       "react-is": {
         "version": "16.13.1",
         "resolved": "https://registry.npmjs.org/react-is/-/react-is-16.13.1.tgz",
         "integrity": "sha512-24e6ynE2H+OKt4kqsOvNd8kBpV65zoxbA4BVsEOB3ARVWQki/DHzaUoC5KuON/BiccDaCCTZBuOcfZs70kR8bQ=="
       }
     }
   },
   "hoopy": {
     "version": "0.1.4",
     "resolved": "https://registry.npmjs.org/hoopy/-/hoopy-0.1.4.tgz",
     "resolved": "https://registry.npmjs.org/min-indent/-/min-indent-1.0.1.tgz",
     "integrity": "sha512-I9jwMn07Sy/IwOj3zVkVik2JTvgpaykDZEigL6Rx6N9LbMywwUSMtxET+7lVoDLLd3O3IXwJwvuuns8UB/HeAg=="
   },
   "mini-create-react-context": {
     "version": "0.4.1",
     "resolved": "https://registry.npmjs.org/mini-create-react-context/-/mini-create-react-context-0.4.1.tgz",
     "integrity": "sha512-YWCYEmd5CQeHGSAKrYvXgmzzkrvssZcuuQDDeqkT+PziKGMgE+0MCCtcKbROzocGBG1meBLl2FotlRwf4gAzbQ==",
     "requires": {
       "@babel/runtime": "^7.12.1",
       "tiny-warning": "^1.0.3"
     }
   },
   "mini-css-extract-plugin": {
     "version": "0.11.3",
     "resolved": "https://registry.npmjs.org/mini-css-extract-plugin/-/mini-css-extract-plugin-0.11.3.tgz",
     "resolved": "https://registry.npmjs.org/react-refresh/-/react-refresh-0.8.3.tgz",
     "integrity": "sha512-X8jZHc7nCMjaCqoU+V2I0cOhNW+QMBwSUkeXnTi8IPe6zaRWfn60ZzvFDZqWPfmSJfjub7dDW1SP0jaHWLu/hg=="
   },
   "react-router": {
     "version": "5.2.0",
     "resolved": "https://registry.npmjs.org/react-router/-/react-router-5.2.0.tgz",
     "integrity": "sha512-smz1DUuFHRKdcJC0jobGo8cVbhO3x50tCL4icacOlcwDOEQPq4TMqwx3sY1TP+DvtTgz4nm3thuo7A+BK2U0Dw==",
     "requires": {
       "@babel/runtime": "^7.1.2",
       "history": "^4.9.0",
       "hoist-non-react-statics": "^3.1.0",
       "loose-envify": "^1.3.1",
       "mini-create-react-context": "^0.4.0",
       "path-to-regexp": "^1.7.0",
       "prop-types": "^15.6.2",
       "react-is": "^16.6.0",
       "tiny-invariant": "^1.0.2",
       "tiny-warning": "^1.0.0"
     },
     "dependencies": {
       "isarray": {
         "version": "0.0.1",
         "resolved": "https://registry.npmjs.org/isarray/-/isarray-0.0.1.tgz",
         "integrity": "sha1-ihis/Kmo9Bd+Cav8YDiTmwXR7t8="
       },
       "path-to-regexp": {
         "version": "1.8.0",
         "resolved": "https://registry.npmjs.org/path-to-regexp/-/path-to-regexp-1.8.0.tgz",
         "integrity": "sha512-n43JRhlUKUAlibEJhPeir1ncUID16QnEjNpwzNdO3Lm4ywrBpBZ5oLD0I6br9evr1Y9JTqwRtAh7JLoOzAQdVA==",
         "requires": {
           "isarray": "0.0.1"
         }
       },
       "react-is": {
         "version": "16.13.1",
         "resolved": "https://registry.npmjs.org/react-is/-/react-is-16.13.1.tgz",
         "integrity": "sha512-24e6ynE2H+OKt4kqsOvNd8kBpV65zoxbA4BVsEOB3ARVWQki/DHzaUoC5KuON/BiccDaCCTZBuOcfZs70kR8bQ=="
       }
     }
   },
   "react-router-dom": {
     "version": "5.2.0",
     "resolved": "https://registry.npmjs.org/react-router-dom/-/react-router-dom-5.2.0.tgz",
     "integrity": "sha512-gxAmfylo2QUjcwxI63RhQ5G85Qqt4voZpUXSEqCwykV0baaOTQDR1f0PmY8AELqIyVc0NEZUj0Gov5lNGcXgsA==",
     "requires": {
       "@babel/runtime": "^7.1.2",
       "history": "^4.9.0",
       "loose-envify": "^1.3.1",
       "prop-types": "^15.6.2",
       "react-router": "5.2.0",
       "tiny-invariant": "^1.0.2",
       "tiny-warning": "^1.0.0"
     }
   },
   "react-scripts": {
     "version": "4.0.0",
     "resolved": "https://registry.npmjs.org/react-scripts/-/react-scripts-4.0.0.tgz",
     "resolved": "https://registry.npmjs.org/resolve-from/-/resolve-from-5.0.0.tgz",
     "integrity": "sha512-qYg9KP24dD5qka9J47d0aVky0N+b4fTU89LN9iDnjB5waksiC49rvMB0PrUJQGoTmH50XPiqOvAjDfaijGxYZw=="
   },
   "resolve-pathname": {
     "version": "3.0.0",
     "resolved": "https://registry.npmjs.org/resolve-pathname/-/resolve-pathname-3.0.0.tgz",
     "integrity": "sha512-C7rARubxI8bXFNB/hqcp/4iUeIXJhJZvFPFPiSPRnhU5UPxzMFIl+2E6yY6c4k9giDJAhtV+enfA+G89N6Csng=="
   },
   "resolve-url": {
     "version": "0.2.1",
     "resolved": "https://registry.npmjs.org/resolve-url/-/resolve-url-0.2.1.tgz",
     "resolved": "https://registry.npmjs.org/timsort/-/timsort-0.3.0.tgz",
     "integrity": "sha1-QFQRqOfmM5/mTbmiNN4R3DHgK9Q="
   },
   "tiny-invariant": {
     "version": "1.1.0",
     "resolved": "https://registry.npmjs.org/tiny-invariant/-/tiny-invariant-1.1.0.tgz",
     "integrity": "sha512-ytxQvrb1cPc9WBEI/HSeYYoGD0kWnGEOR8RY6KomWLBVhqz0RgTwVO9dLrGz7dC+nN9llyI7OKAgRq8Vq4ZBSw=="
   },
   "tiny-warning": {
     "version": "1.0.3",
     "resolved": "https://registry.npmjs.org/tiny-warning/-/tiny-warning-1.0.3.tgz",
     "integrity": "sha512-lBN9zLN/oAf68o3zNXYrdCt1kP8WsiGW8Oo2ka41b2IM5JL/S1CTyX1rW0mb/zSuJun0ZUrDxx4sqvYS2FWzPA=="
   },
   "tmp": {
     "version": "0.0.33",
     "resolved": "https://registry.npmjs.org/tmp/-/tmp-0.0.33.tgz",
       "spdx-expression-parse": "^3.0.0"
     }
   },
   "value-equal": {
     "version": "1.0.1",
     "resolved": "https://registry.npmjs.org/value-equal/-/value-equal-1.0.1.tgz",
     "integrity": "sha512-NOJ6JZCAWr0zlxZt+xqCHNTEKOsrks2HQd4MqhP1qy4z1SkbEP467eNx6TgDKXMvUOb+OENfJCZwM+16n7fRfw=="
   },
   "vary": {
     "version": "1.1.2",
     "resolved": "https://registry.npmjs.org/vary/-/vary-1.1.2.tgz",
1  package.json
@@ -8,6 +8,7 @@
   "@testing-library/user-event": "^12.2.0",
   "react": "^17.0.1",
   "react-dom": "^17.0.1",
   "react-router-dom": "^5.2.0",
   "react-scripts": "4.0.0",
   "web-vitals": "^0.2.4"
 },
19  src/App.js
This file was deleted.

16  src/Title.js
This file was deleted.

18  src/components/About/About.js
@@ -0,0 +1,18 @@
import React from 'react'


function About() {
 return (
   <div>
     <h1>About SFPOPOS</h1>
     <p>POPOS are publicly accessible spaces in
       forms of plazas, terraces, atriums, small
       parks, and even snippets which are provided
       and maintained by private developers. In San
       Francisco, POPOS mostly appear in the Downtown
       office district area.</p>
   </div>
 )
}

export default About
0  src/App.css → src/components/App/App.css
File renamed without changes.
28  src/components/App/App.js
@@ -0,0 +1,28 @@
import React from 'react';
import './App.css';

import Title from '../Title/Title';
import POPOSList from '../POPOSList/POPOSList';
import Footer from '../Footer';
import { HashRouter as Router, Route } from 'react-router-dom'
import About from '../About/About'
import POPOSDetails from '../POPOSDetails/POPOSDetails'

function App() {
 return (
   <Router>

   <div className="App">
     <Title />
     <Route exact path="/" component={POPOSList}/>
     <Route path="/about" component={About}/>
     <Route path="/details/:id" component={POPOSDetails} />
     <POPOSList />
     <Footer />
   </div>

 </Router>
 );
}

export default App;
0  src/App.test.js → src/components/App/App.test.js
File renamed without changes.
0  src/Footer.css → src/components/Footer.css
File renamed without changes.
0  src/Footer.js → src/components/Footer.js
File renamed without changes.
27  src/components/POPOSDetails/POPOSDetails.js
@@ -0,0 +1,27 @@
import React from 'react'

import data from '../sfpopos-data.json'

function POPOSDetails(props) {
 const { id } = props.match.params // Location index
 const { images, title, desc, hours, features, geo } = data[id]

 return (
   <div>
     <div>
       <img src={`${process.env.PUBLIC_URL}images/${images[0]}`} />
     </div>

     <div>
       <h1>{ title }</h1>
       <p>{ desc }</p>
       <p>{ hours }</p>
       <p>{ features }</p>
       <p>{ geo.lat } { geo.lon }</p>
     </div>

   </div>
 )
}

export default POPOSDetails
0  src/POPOSList.css → src/components/POPOSList/POPOSList.css
File renamed without changes.
7  src/POPOSList.js → src/components/POPOSList/POPOSList.js
@@ -1,14 +1,15 @@
import React from 'react';
import POPOSSpace from './POPOSSpace';
import POPOSSpace from '../POPOSSpace/POPOSSpace';
import './POPOSList.css';
import data from './sfpopos-data.json'
import data from '../sfpopos-data.json'


function POPOSList() {
 const spaces = data.map(( { title, address, images, hours } ) => {
 const spaces = data.map(( { title, address, images, hours }, i) => {

   return (
     <POPOSSpace
       id={i}
       name={title}
       address={address}
       image={images[0]}
0  src/POPOSSpace.css → src/components/POPOSSpace/POPOSSpace.css
File renamed without changes.
11  src/POPOSSpace.js → src/components/POPOSSpace/POPOSSpace.js
@@ -1,12 +1,19 @@
import React from 'react'
import './POPOSSpace.css';
import { Link } from 'react-router-dom'

function POPOSSpace(props) {
 const { name, image, address, hours } = props
 const { name, image, address, hours, id } = props
 return (
   <div className="POPOSSpace">
     <h1>{name}</h1>
   <h1>
      <Link to={`/details/${id}`}>
       {name}
     </Link>
   </h1>
     <Link to={`/details/${id}`}>
     <img src={`${process.env.PUBLIC_URL}images/${image}`} width="300" height="300" alt="Hello" />
     </Link>
     <div>{address}</div>
     <div>{hours}</div>
   </div>
11  src/Title.css → src/components/Title/Title.css
@@ -11,3 +11,14 @@
.Title-Subtitle {
 color: rgba(255, 255, 255, 0.75);
}
.nav-link {
 display: inline-block;
 padding: 0.5em 1em;
 color: rgba(255, 255, 255, 0.835);
 font-weight: bold;
 text-decoration: none;
}
.nav-link-active {
 color: #fff;
 border-bottom: 2px solid;
}
29  src/components/Title/Title.js
@@ -0,0 +1,29 @@
import React from 'react'
import './Title.css';
import { NavLink } from 'react-router-dom'

function Title() {
 return (
   <div className="Title">
     <header>
       <h1>SFPOPOS</h1>
       <div className="Title-Subtitle">San Francisco Privately Owned Public Open Spaces</div>

       <div>
         <NavLink
           className="nav-link"
           activeClassName="nav-link-active"
           exact
           to="/">List</NavLink>

         <NavLink
           className="nav-link"
           activeClassName="nav-link-active"
           to="/about">About</NavLink>
       </div>

     </header>
   </div>
 );
}
export default Title
0  src/setupTests.js → src/components/setupTests.js
File renamed without changes.
0  src/sfpopos-data.json → src/components/sfpopos-data.json
File renamed without changes.
2  src/index.js
@@ -1,7 +1,7 @@
import React from 'react';
import ReactDOM from 'react-dom';
import './index.css';
import App from './App';
import App from './components/App/App';
import reportWebVitals from './reportWebVitals';

ReactDOM.render(
7  src/logo.svg
